
Microsoft Visual Studio Solution File, Format Version 12.00
# Visual Studio Version 17
VisualStudioVersion = 17.9.34728.123
MinimumVisualStudioVersion = 10.0.40219.1
Project("{2150E333-8FDC-42A3-9474-1A3956D46DE8}") = "Users", "Users", "{92E47871-E23B-451A-A3B2-0D3806C274B4}"
EndProject
Project("{2150E333-8FDC-42A3-9474-1A3956D46DE8}") = "SendMails", "SendMails", "{7259C96E-7E60-4571-8706-E55484BE93F0}"
EndProject
Project("{9A19103F-16F7-4668-BE54-9A1E7A4F7556}") = "MSE.User.Api", "MSE.User.Api\MSE.User.Api.csproj", "{02AAC46F-0729-45DD-B770-CFCBB6963BAE}"
EndProject
Project("{9A19103F-16F7-4668-BE54-9A1E7A4F7556}") = "MSE.SendMail.Api", "MSE.SendMail.Api\MSE.SendMail.Api.csproj", "{FCB81DD1-9E48-42A9-916B-B1FE93ED0C14}"
EndProject
Project("{9A19103F-16F7-4668-BE54-9A1E7A4F7556}") = "MSE.User.Application", "MSE.User.Application\MSE.User.Application.csproj", "{85202E93-5AA0-4719-BB7F-172AB794B150}"
EndProject
Project("{9A19103F-16F7-4668-BE54-9A1E7A4F7556}") = "MSE.User.Domain", "MSE.User.Domain\MSE.User.Domain.csproj", "{F93E68B9-F75E-49FC-B8BA-CD06AAC37AFA}"
EndProject
Project("{9A19103F-16F7-4668-BE54-9A1E7A4F7556}") = "MSE.User.Infrastructure", "MSE.User.Infrastructure\MSE.User.Infrastructure.csproj", "{85CC9925-25F8-4B31-B0FD-70335A23851B}"
EndProject
Project("{9A19103F-16F7-4668-BE54-9A1E7A4F7556}") = "MSE.SendMail.Application", "MSE.SendMail.Application\MSE.SendMail.Application.csproj", "{F25FA3A8-A3BE-4770-9F6A-1A84C2ECD39A}"
EndProject
Project("{9A19103F-16F7-4668-BE54-9A1E7A4F7556}") = "MSE.SendMail.Domain", "MSE.SendMail.Domain\MSE.SendMail.Domain.csproj", "{30261791-B08C-47B6-8FC1-A061A9CE3EFB}"
EndProject
Project("{2150E333-8FDC-42A3-9474-1A3956D46DE8}") = "Common", "Common", "{9A00B612-4F53-4E1B-8253-146DC12E77C7}"
EndProject
Project("{9A19103F-16F7-4668-BE54-9A1E7A4F7556}") = "MSE.Common", "MSE.Common\MSE.Common.csproj", "{D844C371-E4DA-4CAE-97EA-4DD46D7FE162}"
EndProject
Project("{2150E333-8FDC-42A3-9474-1A3956D46DE8}") = "Gateway", "Gateway", "{077DEDEF-79A3-47D5-8E28-F331F1C930AE}"
EndProject
Project("{FAE04EC0-301F-11D3-BF4B-00C04F79EFBC}") = "MSE.Gateway.Api", "MSE.Gateway.Api\MSE.Gateway.Api.csproj", "{6EE95927-6C8C-4E13-9F53-92A48C6287DD}"
EndProject
Global
	GlobalSection(SolutionConfigurationPlatforms) = preSolution
		Debug|Any CPU = Debug|Any CPU
		Release|Any CPU = Release|Any CPU
	EndGlobalSection
	GlobalSection(ProjectConfigurationPlatforms) = postSolution
		{02AAC46F-0729-45DD-B770-CFCBB6963BAE}.Debug|Any CPU.ActiveCfg = Debug|Any CPU
		{02AAC46F-0729-45DD-B770-CFCBB6963BAE}.Debug|Any CPU.Build.0 = Debug|Any CPU
		{02AAC46F-0729-45DD-B770-CFCBB6963BAE}.Release|Any CPU.ActiveCfg = Release|Any CPU
		{02AAC46F-0729-45DD-B770-CFCBB6963BAE}.Release|Any CPU.Build.0 = Release|Any CPU
		{FCB81DD1-9E48-42A9-916B-B1FE93ED0C14}.Debug|Any CPU.ActiveCfg = Debug|Any CPU
		{FCB81DD1-9E48-42A9-916B-B1FE93ED0C14}.Debug|Any CPU.Build.0 = Debug|Any CPU
		{FCB81DD1-9E48-42A9-916B-B1FE93ED0C14}.Release|Any CPU.ActiveCfg = Release|Any CPU
		{FCB81DD1-9E48-42A9-916B-B1FE93ED0C14}.Release|Any CPU.Build.0 = Release|Any CPU
		{85202E93-5AA0-4719-BB7F-172AB794B150}.Debug|Any CPU.ActiveCfg = Debug|Any CPU
		{85202E93-5AA0-4719-BB7F-172AB794B150}.Debug|Any CPU.Build.0 = Debug|Any CPU
		{85202E93-5AA0-4719-BB7F-172AB794B150}.Release|Any CPU.ActiveCfg = Release|Any CPU
		{85202E93-5AA0-4719-BB7F-172AB794B150}.Release|Any CPU.Build.0 = Release|Any CPU
		{F93E68B9-F75E-49FC-B8BA-CD06AAC37AFA}.Debug|Any CPU.ActiveCfg = Debug|Any CPU
		{F93E68B9-F75E-49FC-B8BA-CD06AAC37AFA}.Debug|Any CPU.Build.0 = Debug|Any CPU
		{F93E68B9-F75E-49FC-B8BA-CD06AAC37AFA}.Release|Any CPU.ActiveCfg = Release|Any CPU
		{F93E68B9-F75E-49FC-B8BA-CD06AAC37AFA}.Release|Any CPU.Build.0 = Release|Any CPU
		{85CC9925-25F8-4B31-B0FD-70335A23851B}.Debug|Any CPU.ActiveCfg = Debug|Any CPU
		{85CC9925-25F8-4B31-B0FD-70335A23851B}.Debug|Any CPU.Build.0 = Debug|Any CPU
		{85CC9925-25F8-4B31-B0FD-70335A23851B}.Release|Any CPU.ActiveCfg = Release|Any CPU
		{85CC9925-25F8-4B31-B0FD-70335A23851B}.Release|Any CPU.Build.0 = Release|Any CPU
		{F25FA3A8-A3BE-4770-9F6A-1A84C2ECD39A}.Debug|Any CPU.ActiveCfg = Debug|Any CPU
		{F25FA3A8-A3BE-4770-9F6A-1A84C2ECD39A}.Debug|Any CPU.Build.0 = Debug|Any CPU
		{F25FA3A8-A3BE-4770-9F6A-1A84C2ECD39A}.Release|Any CPU.ActiveCfg = Release|Any CPU
		{F25FA3A8-A3BE-4770-9F6A-1A84C2ECD39A}.Release|Any CPU.Build.0 = Release|Any CPU
		{30261791-B08C-47B6-8FC1-A061A9CE3EFB}.Debug|Any CPU.ActiveCfg = Debug|Any CPU
		{30261791-B08C-47B6-8FC1-A061A9CE3EFB}.Debug|Any CPU.Build.0 = Debug|Any CPU
		{30261791-B08C-47B6-8FC1-A061A9CE3EFB}.Release|Any CPU.ActiveCfg = Release|Any CPU
		{30261791-B08C-47B6-8FC1-A061A9CE3EFB}.Release|Any CPU.Build.0 = Release|Any CPU
		{D844C371-E4DA-4CAE-97EA-4DD46D7FE162}.Debug|Any CPU.ActiveCfg = Debug|Any CPU
		{D844C371-E4DA-4CAE-97EA-4DD46D7FE162}.Debug|Any CPU.Build.0 = Debug|Any CPU
		{D844C371-E4DA-4CAE-97EA-4DD46D7FE162}.Release|Any CPU.ActiveCfg = Release|Any CPU
		{D844C371-E4DA-4CAE-97EA-4DD46D7FE162}.Release|Any CPU.Build.0 = Release|Any CPU
		{6EE95927-6C8C-4E13-9F53-92A48C6287DD}.Debug|Any CPU.ActiveCfg = Debug|Any CPU
		{6EE95927-6C8C-4E13-9F53-92A48C6287DD}.Debug|Any CPU.Build.0 = Debug|Any CPU
		{6EE95927-6C8C-4E13-9F53-92A48C6287DD}.Release|Any CPU.ActiveCfg = Release|Any CPU
		{6EE95927-6C8C-4E13-9F53-92A48C6287DD}.Release|Any CPU.Build.0 = Release|Any CPU
	EndGlobalSection
	GlobalSection(SolutionProperties) = preSolution
		HideSolutionNode = FALSE
	EndGlobalSection
	GlobalSection(NestedProjects) = preSolution
		{02AAC46F-0729-45DD-B770-CFCBB6963BAE} = {92E47871-E23B-451A-A3B2-0D3806C274B4}
		{FCB81DD1-9E48-42A9-916B-B1FE93ED0C14} = {7259C96E-7E60-4571-8706-E55484BE93F0}
		{85202E93-5AA0-4719-BB7F-172AB794B150} = {92E47871-E23B-451A-A3B2-0D3806C274B4}
		{F93E68B9-F75E-49FC-B8BA-CD06AAC37AFA} = {92E47871-E23B-451A-A3B2-0D3806C274B4}
		{85CC9925-25F8-4B31-B0FD-70335A23851B} = {92E47871-E23B-451A-A3B2-0D3806C274B4}
		{F25FA3A8-A3BE-4770-9F6A-1A84C2ECD39A} = {7259C96E-7E60-4571-8706-E55484BE93F0}
		{30261791-B08C-47B6-8FC1-A061A9CE3EFB} = {7259C96E-7E60-4571-8706-E55484BE93F0}
		{D844C371-E4DA-4CAE-97EA-4DD46D7FE162} = {9A00B612-4F53-4E1B-8253-146DC12E77C7}
		{6EE95927-6C8C-4E13-9F53-92A48C6287DD} = {077DEDEF-79A3-47D5-8E28-F331F1C930AE}
	EndGlobalSection
	GlobalSection(ExtensibilityGlobals) = postSolution
		SolutionGuid = {7E1E8E95-4E10-44A6-9C0F-8AA43F7AE08B}
	EndGlobalSection
EndGlobal
